
Microsoft Visual Studio Solution File, Format Version 12.00
# Visual Studio Version 16
VisualStudioVersion = 16.0.31112.23
MinimumVisualStudioVersion = 10.0.40219.1
Project("{9A19103F-16F7-4668-BE54-9A1E7A4F7556}") = "TicTakTok", "TicTakTok.csproj", "{B96FB254-5B65-4EAD-9CCF-D41B7E3F2B61}"
EndProject
Project("{FAE04EC0-301F-11D3-BF4B-00C04F79EFBC}") = "TicTakTok.Test", "..\TicTakTok.Test\TicTakTok.Test.csproj", "{3E2A25A7-9833-4A4C-8E7E-3F2971FCDFEC}"
EndProject
Global
	GlobalSection(SolutionConfigurationPlatforms) = preSolution
		Debug|Any CPU = Debug|Any CPU
		Release|Any CPU = Release|Any CPU
	EndGlobalSection
	GlobalSection(ProjectConfigurationPlatforms) = postSolution
		{B96FB254-5B65-4EAD-9CCF-D41B7E3F2B61}.Debug|Any CPU.ActiveCfg = Debug|Any CPU
		{B96FB254-5B65-4EAD-9CCF-D41B7E3F2B61}.Debug|Any CPU.Build.0 = Debug|Any CPU
		{B96FB254-5B65-4EAD-9CCF-D41B7E3F2B61}.Release|Any CPU.ActiveCfg = Release|Any CPU
		{B96FB254-5B65-4EAD-9CCF-D41B7E3F2B61}.Release|Any CPU.Build.0 = Release|Any CPU
		{3E2A25A7-9833-4A4C-8E7E-3F2971FCDFEC}.Debug|Any CPU.ActiveCfg = Debug|Any CPU
		{3E2A25A7-9833-4A4C-8E7E-3F2971FCDFEC}.Debug|Any CPU.Build.0 = Debug|Any CPU
		{3E2A25A7-9833-4A4C-8E7E-3F2971FCDFEC}.Release|Any CPU.ActiveCfg = Release|Any CPU
		{3E2A25A7-9833-4A4C-8E7E-3F2971FCDFEC}.Release|Any CPU.Build.0 = Release|Any CPU
	EndGlobalSection
	GlobalSection(SolutionProperties) = preSolution
		HideSolutionNode = FALSE
	EndGlobalSection
	GlobalSection(ExtensibilityGlobals) = postSolution
		SolutionGuid = {947170AF-5B42-4FE7-8671-EBE2506E7F37}
	EndGlobalSection
EndGlobal
